
Microsoft Visual Studio Solution File, Format Version 12.00
# Visual Studio Version 17
VisualStudioVersion = 17.7.34202.233
MinimumVisualStudioVersion = 10.0.40219.1
Project("{FAE04EC0-301F-11D3-BF4B-00C04F79EFBC}") = "Exercicio01", "07-Exercicios_Orientacao_Objeto\Exercicio01.csproj", "{A6989C44-D7FF-48C4-8BAF-4210E9DE11DF}"
EndProject
Project("{FAE04EC0-301F-11D3-BF4B-00C04F79EFBC}") = "Exercicio02", "Exercicio02\Exercicio02.csproj", "{42344298-96AD-46EC-8238-61CD841FF03A}"
EndProject
Project("{FAE04EC0-301F-11D3-BF4B-00C04F79EFBC}") = "Exercicio03", "Exercicio03\Exercicio03.csproj", "{4BC69B54-177E-4C65-B5CC-59BEBE5A4297}"
EndProject
Project("{FAE04EC0-301F-11D3-BF4B-00C04F79EFBC}") = "Exercicio04", "Exercicio04\Exercicio04.csproj", "{9A0D3209-4CAD-4C18-B1A2-B860BAB16F3C}"
EndProject
Global
	GlobalSection(SolutionConfigurationPlatforms) = preSolution
		Debug|Any CPU = Debug|Any CPU
		Release|Any CPU = Release|Any CPU
	EndGlobalSection
	GlobalSection(ProjectConfigurationPlatforms) = postSolution
		{A6989C44-D7FF-48C4-8BAF-4210E9DE11DF}.Debug|Any CPU.ActiveCfg = Debug|Any CPU
		{A6989C44-D7FF-48C4-8BAF-4210E9DE11DF}.Debug|Any CPU.Build.0 = Debug|Any CPU
		{A6989C44-D7FF-48C4-8BAF-4210E9DE11DF}.Release|Any CPU.ActiveCfg = Release|Any CPU
		{A6989C44-D7FF-48C4-8BAF-4210E9DE11DF}.Release|Any CPU.Build.0 = Release|Any CPU
		{42344298-96AD-46EC-8238-61CD841FF03A}.Debug|Any CPU.ActiveCfg = Debug|Any CPU
		{42344298-96AD-46EC-8238-61CD841FF03A}.Debug|Any CPU.Build.0 = Debug|Any CPU
		{42344298-96AD-46EC-8238-61CD841FF03A}.Release|Any CPU.ActiveCfg = Release|Any CPU
		{42344298-96AD-46EC-8238-61CD841FF03A}.Release|Any CPU.Build.0 = Release|Any CPU
		{4BC69B54-177E-4C65-B5CC-59BEBE5A4297}.Debug|Any CPU.ActiveCfg = Debug|Any CPU
		{4BC69B54-177E-4C65-B5CC-59BEBE5A4297}.Debug|Any CPU.Build.0 = Debug|Any CPU
		{4BC69B54-177E-4C65-B5CC-59BEBE5A4297}.Release|Any CPU.ActiveCfg = Release|Any CPU
		{4BC69B54-177E-4C65-B5CC-59BEBE5A4297}.Release|Any CPU.Build.0 = Release|Any CPU
		{9A0D3209-4CAD-4C18-B1A2-B860BAB16F3C}.Debug|Any CPU.ActiveCfg = Debug|Any CPU
		{9A0D3209-4CAD-4C18-B1A2-B860BAB16F3C}.Debug|Any CPU.Build.0 = Debug|Any CPU
		{9A0D3209-4CAD-4C18-B1A2-B860BAB16F3C}.Release|Any CPU.ActiveCfg = Release|Any CPU
		{9A0D3209-4CAD-4C18-B1A2-B860BAB16F3C}.Release|Any CPU.Build.0 = Release|Any CPU
	EndGlobalSection
	GlobalSection(SolutionProperties) = preSolution
		HideSolutionNode = FALSE
	EndGlobalSection
	GlobalSection(ExtensibilityGlobals) = postSolution
		SolutionGuid = {EB1FC908-1E0A-45B4-9637-B1E186E8E3A9}
	EndGlobalSection
EndGlobal
