
Microsoft Visual Studio Solution File, Format Version 12.00
# Visual Studio Version 17
VisualStudioVersion = 17.7.34031.279
MinimumVisualStudioVersion = 10.0.40219.1
Project("{9A19103F-16F7-4668-BE54-9A1E7A4F7556}") = "Exercicio03", "exercicio03\Exercicio03.csproj", "{FB1B9180-8E8E-4F3E-96E6-7EB17317E677}"
EndProject
Project("{9A19103F-16F7-4668-BE54-9A1E7A4F7556}") = "Exercicio01", "Exercicio01\Exercicio01.csproj", "{1ED15A64-D65B-4A2F-A42D-849476C97548}"
EndProject
Project("{9A19103F-16F7-4668-BE54-9A1E7A4F7556}") = "Exercicio02", "Exercicio02\Exercicio02.csproj", "{3A7B73E5-C743-4ADD-8655-7508D839AC87}"
EndProject
Project("{9A19103F-16F7-4668-BE54-9A1E7A4F7556}") = "Exercicio04", "Exercicio04\Exercicio04.csproj", "{FE3D1452-E606-4E81-AB11-9A4F879D1C40}"
EndProject
Project("{9A19103F-16F7-4668-BE54-9A1E7A4F7556}") = "Exercicio05", "Exercicio05\Exercicio05.csproj", "{FA4BE5FC-2C44-4346-A36D-AA3080F040D3}"
EndProject
Project("{9A19103F-16F7-4668-BE54-9A1E7A4F7556}") = "Exercicio06", "Exercicio06\Exercicio06.csproj", "{49B4822A-C429-4AAC-825C-AD3C02972D18}"
EndProject
Project("{9A19103F-16F7-4668-BE54-9A1E7A4F7556}") = "Exercicio07", "Exercicio07\Exercicio07.csproj", "{0A9F8FC7-1765-42D0-BB42-C99E75EF1C93}"
EndProject
Project("{9A19103F-16F7-4668-BE54-9A1E7A4F7556}") = "Exercicio08", "Exercicio08\Exercicio08.csproj", "{AE6FD086-8E14-4EA3-96C1-17EA70B27D38}"
EndProject
Project("{9A19103F-16F7-4668-BE54-9A1E7A4F7556}") = "Exercicio09", "Exercicio09\Exercicio09.csproj", "{1A9CE4FD-D0ED-4C54-A098-C146082A4AB5}"
EndProject
Project("{FAE04EC0-301F-11D3-BF4B-00C04F79EFBC}") = "Exercicio10", "Exercicio10\Exercicio10.csproj", "{B249ED10-BA36-4F60-9594-483543288972}"
EndProject
Project("{FAE04EC0-301F-11D3-BF4B-00C04F79EFBC}") = "Exercicio11", "Exercicio11\Exercicio11.csproj", "{B7703E67-3662-4945-BFF4-9DA33BC7F2A3}"
EndProject
Project("{FAE04EC0-301F-11D3-BF4B-00C04F79EFBC}") = "Exercicio12", "Exercicio12\Exercicio12.csproj", "{F3CC6B6A-788B-43C7-AB00-6D3BDA6275D4}"
EndProject
Project("{FAE04EC0-301F-11D3-BF4B-00C04F79EFBC}") = "Exercicio13", "Exercicio13\Exercicio13.csproj", "{DC72FBCC-15DC-441E-8E55-72C9ABC93CD4}"
EndProject
Project("{FAE04EC0-301F-11D3-BF4B-00C04F79EFBC}") = "Exercicio14", "Exercicio14\Exercicio14.csproj", "{44FFC532-411B-4997-856A-26D7F7DDC735}"
EndProject
Project("{FAE04EC0-301F-11D3-BF4B-00C04F79EFBC}") = "Exercicio15", "Exercicio15\Exercicio15.csproj", "{7802EF04-19FA-43BB-83ED-3C8465C7DA36}"
EndProject
Project("{FAE04EC0-301F-11D3-BF4B-00C04F79EFBC}") = "Exercicio16", "Exercicio16\Exercicio16.csproj", "{9B5C10D1-BCA5-4F41-8B4E-3D935832D38F}"
EndProject
Project("{FAE04EC0-301F-11D3-BF4B-00C04F79EFBC}") = "Exercicio17", "Exercicio17\Exercicio17.csproj", "{6DD20448-0CBE-40CB-A76E-8AF78471416C}"
EndProject
Project("{FAE04EC0-301F-11D3-BF4B-00C04F79EFBC}") = "Exercicio18", "Exercicio18\Exercicio18.csproj", "{83C174C2-EB22-450D-A7E2-16DE91D014F1}"
EndProject
Project("{FAE04EC0-301F-11D3-BF4B-00C04F79EFBC}") = "Exercicio19", "Exercicio19\Exercicio19.csproj", "{0ACB9827-25FA-4795-B0F5-3442AFCF1CF0}"
EndProject
Project("{FAE04EC0-301F-11D3-BF4B-00C04F79EFBC}") = "Exercicio20", "Exercicio20\Exercicio20.csproj", "{192E85E6-8C92-44F6-AC75-D53FC003D4B0}"
EndProject
Project("{FAE04EC0-301F-11D3-BF4B-00C04F79EFBC}") = "Exercicio21", "Exercicio21\Exercicio21.csproj", "{727B2CAD-0EAF-41B5-BE46-3DD8E4FAA723}"
EndProject
Project("{FAE04EC0-301F-11D3-BF4B-00C04F79EFBC}") = "Exercicio22", "Exercicio22\Exercicio22.csproj", "{72619D19-F30C-4B2F-98D0-40227D4BEB57}"
EndProject
Project("{FAE04EC0-301F-11D3-BF4B-00C04F79EFBC}") = "Exercicio23", "Exercicio23\Exercicio23.csproj", "{35379F31-7E21-4596-B993-7921CBD4E8C4}"
EndProject
Project("{FAE04EC0-301F-11D3-BF4B-00C04F79EFBC}") = "Exercicio24", "Exercicio24\Exercicio24.csproj", "{6962A225-8161-4DED-9323-8807F224B95D}"
EndProject
Project("{FAE04EC0-301F-11D3-BF4B-00C04F79EFBC}") = "Exercicio25", "Exercicio25\Exercicio25.csproj", "{9FCCDBB8-1990-48A9-9B6C-D811B378CBF6}"
EndProject
Project("{FAE04EC0-301F-11D3-BF4B-00C04F79EFBC}") = "Exercicio26", "Exercicio26\Exercicio26.csproj", "{F76B1098-2D2D-4C90-B8BF-CB08E0168B2A}"
EndProject
Global
	GlobalSection(SolutionConfigurationPlatforms) = preSolution
		Debug|Any CPU = Debug|Any CPU
		Release|Any CPU = Release|Any CPU
	EndGlobalSection
	GlobalSection(ProjectConfigurationPlatforms) = postSolution
		{FB1B9180-8E8E-4F3E-96E6-7EB17317E677}.Debug|Any CPU.ActiveCfg = Debug|Any CPU
		{FB1B9180-8E8E-4F3E-96E6-7EB17317E677}.Debug|Any CPU.Build.0 = Debug|Any CPU
		{FB1B9180-8E8E-4F3E-96E6-7EB17317E677}.Release|Any CPU.ActiveCfg = Release|Any CPU
		{FB1B9180-8E8E-4F3E-96E6-7EB17317E677}.Release|Any CPU.Build.0 = Release|Any CPU
		{1ED15A64-D65B-4A2F-A42D-849476C97548}.Debug|Any CPU.ActiveCfg = Debug|Any CPU
		{1ED15A64-D65B-4A2F-A42D-849476C97548}.Debug|Any CPU.Build.0 = Debug|Any CPU
		{1ED15A64-D65B-4A2F-A42D-849476C97548}.Release|Any CPU.ActiveCfg = Release|Any CPU
		{1ED15A64-D65B-4A2F-A42D-849476C97548}.Release|Any CPU.Build.0 = Release|Any CPU
		{3A7B73E5-C743-4ADD-8655-7508D839AC87}.Debug|Any CPU.ActiveCfg = Debug|Any CPU
		{3A7B73E5-C743-4ADD-8655-7508D839AC87}.Debug|Any CPU.Build.0 = Debug|Any CPU
		{3A7B73E5-C743-4ADD-8655-7508D839AC87}.Release|Any CPU.ActiveCfg = Release|Any CPU
		{3A7B73E5-C743-4ADD-8655-7508D839AC87}.Release|Any CPU.Build.0 = Release|Any CPU
		{FE3D1452-E606-4E81-AB11-9A4F879D1C40}.Debug|Any CPU.ActiveCfg = Debug|Any CPU
		{FE3D1452-E606-4E81-AB11-9A4F879D1C40}.Debug|Any CPU.Build.0 = Debug|Any CPU
		{FE3D1452-E606-4E81-AB11-9A4F879D1C40}.Release|Any CPU.ActiveCfg = Release|Any CPU
		{FE3D1452-E606-4E81-AB11-9A4F879D1C40}.Release|Any CPU.Build.0 = Release|Any CPU
		{FA4BE5FC-2C44-4346-A36D-AA3080F040D3}.Debug|Any CPU.ActiveCfg = Debug|Any CPU
		{FA4BE5FC-2C44-4346-A36D-AA3080F040D3}.Debug|Any CPU.Build.0 = Debug|Any CPU
		{FA4BE5FC-2C44-4346-A36D-AA3080F040D3}.Release|Any CPU.ActiveCfg = Release|Any CPU
		{FA4BE5FC-2C44-4346-A36D-AA3080F040D3}.Release|Any CPU.Build.0 = Release|Any CPU
		{49B4822A-C429-4AAC-825C-AD3C02972D18}.Debug|Any CPU.ActiveCfg = Debug|Any CPU
		{49B4822A-C429-4AAC-825C-AD3C02972D18}.Debug|Any CPU.Build.0 = Debug|Any CPU
		{49B4822A-C429-4AAC-825C-AD3C02972D18}.Release|Any CPU.ActiveCfg = Release|Any CPU
		{49B4822A-C429-4AAC-825C-AD3C02972D18}.Release|Any CPU.Build.0 = Release|Any CPU
		{0A9F8FC7-1765-42D0-BB42-C99E75EF1C93}.Debug|Any CPU.ActiveCfg = Debug|Any CPU
		{0A9F8FC7-1765-42D0-BB42-C99E75EF1C93}.Debug|Any CPU.Build.0 = Debug|Any CPU
		{0A9F8FC7-1765-42D0-BB42-C99E75EF1C93}.Release|Any CPU.ActiveCfg = Release|Any CPU
		{0A9F8FC7-1765-42D0-BB42-C99E75EF1C93}.Release|Any CPU.Build.0 = Release|Any CPU
		{AE6FD086-8E14-4EA3-96C1-17EA70B27D38}.Debug|Any CPU.ActiveCfg = Debug|Any CPU
		{AE6FD086-8E14-4EA3-96C1-17EA70B27D38}.Debug|Any CPU.Build.0 = Debug|Any CPU
		{AE6FD086-8E14-4EA3-96C1-17EA70B27D38}.Release|Any CPU.ActiveCfg = Release|Any CPU
		{AE6FD086-8E14-4EA3-96C1-17EA70B27D38}.Release|Any CPU.Build.0 = Release|Any CPU
		{1A9CE4FD-D0ED-4C54-A098-C146082A4AB5}.Debug|Any CPU.ActiveCfg = Debug|Any CPU
		{1A9CE4FD-D0ED-4C54-A098-C146082A4AB5}.Debug|Any CPU.Build.0 = Debug|Any CPU
		{1A9CE4FD-D0ED-4C54-A098-C146082A4AB5}.Release|Any CPU.ActiveCfg = Release|Any CPU
		{1A9CE4FD-D0ED-4C54-A098-C146082A4AB5}.Release|Any CPU.Build.0 = Release|Any CPU
		{B249ED10-BA36-4F60-9594-483543288972}.Debug|Any CPU.ActiveCfg = Debug|Any CPU
		{B249ED10-BA36-4F60-9594-483543288972}.Debug|Any CPU.Build.0 = Debug|Any CPU
		{B249ED10-BA36-4F60-9594-483543288972}.Release|Any CPU.ActiveCfg = Release|Any CPU
		{B249ED10-BA36-4F60-9594-483543288972}.Release|Any CPU.Build.0 = Release|Any CPU
		{B7703E67-3662-4945-BFF4-9DA33BC7F2A3}.Debug|Any CPU.ActiveCfg = Debug|Any CPU
		{B7703E67-3662-4945-BFF4-9DA33BC7F2A3}.Debug|Any CPU.Build.0 = Debug|Any CPU
		{B7703E67-3662-4945-BFF4-9DA33BC7F2A3}.Release|Any CPU.ActiveCfg = Release|Any CPU
		{B7703E67-3662-4945-BFF4-9DA33BC7F2A3}.Release|Any CPU.Build.0 = Release|Any CPU
		{F3CC6B6A-788B-43C7-AB00-6D3BDA6275D4}.Debug|Any CPU.ActiveCfg = Debug|Any CPU
		{F3CC6B6A-788B-43C7-AB00-6D3BDA6275D4}.Debug|Any CPU.Build.0 = Debug|Any CPU
		{F3CC6B6A-788B-43C7-AB00-6D3BDA6275D4}.Release|Any CPU.ActiveCfg = Release|Any CPU
		{F3CC6B6A-788B-43C7-AB00-6D3BDA6275D4}.Release|Any CPU.Build.0 = Release|Any CPU
		{DC72FBCC-15DC-441E-8E55-72C9ABC93CD4}.Debug|Any CPU.ActiveCfg = Debug|Any CPU
		{DC72FBCC-15DC-441E-8E55-72C9ABC93CD4}.Debug|Any CPU.Build.0 = Debug|Any CPU
		{DC72FBCC-15DC-441E-8E55-72C9ABC93CD4}.Release|Any CPU.ActiveCfg = Release|Any CPU
		{DC72FBCC-15DC-441E-8E55-72C9ABC93CD4}.Release|Any CPU.Build.0 = Release|Any CPU
		{44FFC532-411B-4997-856A-26D7F7DDC735}.Debug|Any CPU.ActiveCfg = Debug|Any CPU
		{44FFC532-411B-4997-856A-26D7F7DDC735}.Debug|Any CPU.Build.0 = Debug|Any CPU
		{44FFC532-411B-4997-856A-26D7F7DDC735}.Release|Any CPU.ActiveCfg = Release|Any CPU
		{44FFC532-411B-4997-856A-26D7F7DDC735}.Release|Any CPU.Build.0 = Release|Any CPU
		{7802EF04-19FA-43BB-83ED-3C8465C7DA36}.Debug|Any CPU.ActiveCfg = Debug|Any CPU
		{7802EF04-19FA-43BB-83ED-3C8465C7DA36}.Debug|Any CPU.Build.0 = Debug|Any CPU
		{7802EF04-19FA-43BB-83ED-3C8465C7DA36}.Release|Any CPU.ActiveCfg = Release|Any CPU
		{7802EF04-19FA-43BB-83ED-3C8465C7DA36}.Release|Any CPU.Build.0 = Release|Any CPU
		{9B5C10D1-BCA5-4F41-8B4E-3D935832D38F}.Debug|Any CPU.ActiveCfg = Debug|Any CPU
		{9B5C10D1-BCA5-4F41-8B4E-3D935832D38F}.Debug|Any CPU.Build.0 = Debug|Any CPU
		{9B5C10D1-BCA5-4F41-8B4E-3D935832D38F}.Release|Any CPU.ActiveCfg = Release|Any CPU
		{9B5C10D1-BCA5-4F41-8B4E-3D935832D38F}.Release|Any CPU.Build.0 = Release|Any CPU
		{6DD20448-0CBE-40CB-A76E-8AF78471416C}.Debug|Any CPU.ActiveCfg = Debug|Any CPU
		{6DD20448-0CBE-40CB-A76E-8AF78471416C}.Debug|Any CPU.Build.0 = Debug|Any CPU
		{6DD20448-0CBE-40CB-A76E-8AF78471416C}.Release|Any CPU.ActiveCfg = Release|Any CPU
		{6DD20448-0CBE-40CB-A76E-8AF78471416C}.Release|Any CPU.Build.0 = Release|Any CPU
		{83C174C2-EB22-450D-A7E2-16DE91D014F1}.Debug|Any CPU.ActiveCfg = Debug|Any CPU
		{83C174C2-EB22-450D-A7E2-16DE91D014F1}.Debug|Any CPU.Build.0 = Debug|Any CPU
		{83C174C2-EB22-450D-A7E2-16DE91D014F1}.Release|Any CPU.ActiveCfg = Release|Any CPU
		{83C174C2-EB22-450D-A7E2-16DE91D014F1}.Release|Any CPU.Build.0 = Release|Any CPU
		{0ACB9827-25FA-4795-B0F5-3442AFCF1CF0}.Debug|Any CPU.ActiveCfg = Debug|Any CPU
		{0ACB9827-25FA-4795-B0F5-3442AFCF1CF0}.Debug|Any CPU.Build.0 = Debug|Any CPU
		{0ACB9827-25FA-4795-B0F5-3442AFCF1CF0}.Release|Any CPU.ActiveCfg = Release|Any CPU
		{0ACB9827-25FA-4795-B0F5-3442AFCF1CF0}.Release|Any CPU.Build.0 = Release|Any CPU
		{192E85E6-8C92-44F6-AC75-D53FC003D4B0}.Debug|Any CPU.ActiveCfg = Debug|Any CPU
		{192E85E6-8C92-44F6-AC75-D53FC003D4B0}.Debug|Any CPU.Build.0 = Debug|Any CPU
		{192E85E6-8C92-44F6-AC75-D53FC003D4B0}.Release|Any CPU.ActiveCfg = Release|Any CPU
		{192E85E6-8C92-44F6-AC75-D53FC003D4B0}.Release|Any CPU.Build.0 = Release|Any CPU
		{727B2CAD-0EAF-41B5-BE46-3DD8E4FAA723}.Debug|Any CPU.ActiveCfg = Debug|Any CPU
		{727B2CAD-0EAF-41B5-BE46-3DD8E4FAA723}.Debug|Any CPU.Build.0 = Debug|Any CPU
		{727B2CAD-0EAF-41B5-BE46-3DD8E4FAA723}.Release|Any CPU.ActiveCfg = Release|Any CPU
		{727B2CAD-0EAF-41B5-BE46-3DD8E4FAA723}.Release|Any CPU.Build.0 = Release|Any CPU
		{72619D19-F30C-4B2F-98D0-40227D4BEB57}.Debug|Any CPU.ActiveCfg = Debug|Any CPU
		{72619D19-F30C-4B2F-98D0-40227D4BEB57}.Debug|Any CPU.Build.0 = Debug|Any CPU
		{72619D19-F30C-4B2F-98D0-40227D4BEB57}.Release|Any CPU.ActiveCfg = Release|Any CPU
		{72619D19-F30C-4B2F-98D0-40227D4BEB57}.Release|Any CPU.Build.0 = Release|Any CPU
		{35379F31-7E21-4596-B993-7921CBD4E8C4}.Debug|Any CPU.ActiveCfg = Debug|Any CPU
		{35379F31-7E21-4596-B993-7921CBD4E8C4}.Debug|Any CPU.Build.0 = Debug|Any CPU
		{35379F31-7E21-4596-B993-7921CBD4E8C4}.Release|Any CPU.ActiveCfg = Release|Any CPU
		{35379F31-7E21-4596-B993-7921CBD4E8C4}.Release|Any CPU.Build.0 = Release|Any CPU
		{6962A225-8161-4DED-9323-8807F224B95D}.Debug|Any CPU.ActiveCfg = Debug|Any CPU
		{6962A225-8161-4DED-9323-8807F224B95D}.Debug|Any CPU.Build.0 = Debug|Any CPU
		{6962A225-8161-4DED-9323-8807F224B95D}.Release|Any CPU.ActiveCfg = Release|Any CPU
		{6962A225-8161-4DED-9323-8807F224B95D}.Release|Any CPU.Build.0 = Release|Any CPU
		{9FCCDBB8-1990-48A9-9B6C-D811B378CBF6}.Debug|Any CPU.ActiveCfg = Debug|Any CPU
		{9FCCDBB8-1990-48A9-9B6C-D811B378CBF6}.Debug|Any CPU.Build.0 = Debug|Any CPU
		{9FCCDBB8-1990-48A9-9B6C-D811B378CBF6}.Release|Any CPU.ActiveCfg = Release|Any CPU
		{9FCCDBB8-1990-48A9-9B6C-D811B378CBF6}.Release|Any CPU.Build.0 = Release|Any CPU
		{F76B1098-2D2D-4C90-B8BF-CB08E0168B2A}.Debug|Any CPU.ActiveCfg = Debug|Any CPU
		{F76B1098-2D2D-4C90-B8BF-CB08E0168B2A}.Debug|Any CPU.Build.0 = Debug|Any CPU
		{F76B1098-2D2D-4C90-B8BF-CB08E0168B2A}.Release|Any CPU.ActiveCfg = Release|Any CPU
		{F76B1098-2D2D-4C90-B8BF-CB08E0168B2A}.Release|Any CPU.Build.0 = Release|Any CPU
	EndGlobalSection
	GlobalSection(SolutionProperties) = preSolution
		HideSolutionNode = FALSE
	EndGlobalSection
	GlobalSection(ExtensibilityGlobals) = postSolution
		SolutionGuid = {52361600-1066-446C-99FD-411068C0F257}
	EndGlobalSection
EndGlobal
